
Microsoft Visual Studio Solution File, Format Version 12.00
# Visual Studio Version 17
VisualStudioVersion = 17.11.35312.102
MinimumVisualStudioVersion = 10.0.40219.1
Project("{778DAE3C-4631-46EA-AA77-85C1314464D9}") = "Presentacion", "Presentacion\Presentacion.vbproj", "{75FB2FD4-1310-42C2-B927-BD64F7C64A19}"
	ProjectSection(ProjectDependencies) = postProject
		{933920D1-7E84-4740-8F2D-7397190B0988} = {933920D1-7E84-4740-8F2D-7397190B0988}
		{E87C1BB4-C84A-44E3-A02C-53F8B89390CE} = {E87C1BB4-C84A-44E3-A02C-53F8B89390CE}
	EndProjectSection
EndProject
Project("{F184B08F-C81C-45F6-A57F-5ABD9991F28F}") = "Datos", "Datos\Datos.vbproj", "{86C36BC7-63A5-465D-97DF-8ADBD40FACB9}"
EndProject
Project("{F184B08F-C81C-45F6-A57F-5ABD9991F28F}") = "Entidades", "Entidades\Entidades.vbproj", "{933920D1-7E84-4740-8F2D-7397190B0988}"
	ProjectSection(ProjectDependencies) = postProject
		{86C36BC7-63A5-465D-97DF-8ADBD40FACB9} = {86C36BC7-63A5-465D-97DF-8ADBD40FACB9}
	EndProjectSection
EndProject
Project("{F184B08F-C81C-45F6-A57F-5ABD9991F28F}") = "Logica", "Logica\Logica.vbproj", "{E87C1BB4-C84A-44E3-A02C-53F8B89390CE}"
	ProjectSection(ProjectDependencies) = postProject
		{86C36BC7-63A5-465D-97DF-8ADBD40FACB9} = {86C36BC7-63A5-465D-97DF-8ADBD40FACB9}
		{933920D1-7E84-4740-8F2D-7397190B0988} = {933920D1-7E84-4740-8F2D-7397190B0988}
	EndProjectSection
EndProject
Global
	GlobalSection(SolutionConfigurationPlatforms) = preSolution
		Debug|Any CPU = Debug|Any CPU
		Release|Any CPU = Release|Any CPU
	EndGlobalSection
	GlobalSection(ProjectConfigurationPlatforms) = postSolution
		{75FB2FD4-1310-42C2-B927-BD64F7C64A19}.Debug|Any CPU.ActiveCfg = Debug|Any CPU
		{75FB2FD4-1310-42C2-B927-BD64F7C64A19}.Debug|Any CPU.Build.0 = Debug|Any CPU
		{75FB2FD4-1310-42C2-B927-BD64F7C64A19}.Release|Any CPU.ActiveCfg = Release|Any CPU
		{75FB2FD4-1310-42C2-B927-BD64F7C64A19}.Release|Any CPU.Build.0 = Release|Any CPU
		{86C36BC7-63A5-465D-97DF-8ADBD40FACB9}.Debug|Any CPU.ActiveCfg = Debug|Any CPU
		{86C36BC7-63A5-465D-97DF-8ADBD40FACB9}.Debug|Any CPU.Build.0 = Debug|Any CPU
		{86C36BC7-63A5-465D-97DF-8ADBD40FACB9}.Release|Any CPU.ActiveCfg = Release|Any CPU
		{86C36BC7-63A5-465D-97DF-8ADBD40FACB9}.Release|Any CPU.Build.0 = Release|Any CPU
		{933920D1-7E84-4740-8F2D-7397190B0988}.Debug|Any CPU.ActiveCfg = Debug|Any CPU
		{933920D1-7E84-4740-8F2D-7397190B0988}.Debug|Any CPU.Build.0 = Debug|Any CPU
		{933920D1-7E84-4740-8F2D-7397190B0988}.Release|Any CPU.ActiveCfg = Release|Any CPU
		{933920D1-7E84-4740-8F2D-7397190B0988}.Release|Any CPU.Build.0 = Release|Any CPU
		{E87C1BB4-C84A-44E3-A02C-53F8B89390CE}.Debug|Any CPU.ActiveCfg = Debug|Any CPU
		{E87C1BB4-C84A-44E3-A02C-53F8B89390CE}.Debug|Any CPU.Build.0 = Debug|Any CPU
		{E87C1BB4-C84A-44E3-A02C-53F8B89390CE}.Release|Any CPU.ActiveCfg = Release|Any CPU
		{E87C1BB4-C84A-44E3-A02C-53F8B89390CE}.Release|Any CPU.Build.0 = Release|Any CPU
	EndGlobalSection
	GlobalSection(SolutionProperties) = preSolution
		HideSolutionNode = FALSE
	EndGlobalSection
	GlobalSection(ExtensibilityGlobals) = postSolution
		SolutionGuid = {3D6611FF-904F-4614-9A7D-2C2835CF5249}
	EndGlobalSection
EndGlobal
